// !$*UTF8*$!
{
	archiveVersion = 1;
	classes = {
	};
	objectVersion = 46;
	objects = {

/* Begin PBXBuildFile section */
		9B4BE1F61E765AA000E7F988 /* DWDiaryContentView.m in Sources */ = {isa = PBXBuildFile; fileRef = 9B4BE1F51E765AA000E7F988 /* DWDiaryContentView.m */; };
		9B4BE1F91E769F1A00E7F988 /* DWDiaryEmotionSelectorView.m in Sources */ = {isa = PBXBuildFile; fileRef = 9B4BE1F81E769F1A00E7F988 /* DWDiaryEmotionSelectorView.m */; };
		9B4BE1FC1E76B5C200E7F988 /* DWDiaryWeatherSelectorView.m in Sources */ = {isa = PBXBuildFile; fileRef = 9B4BE1FB1E76B5C200E7F988 /* DWDiaryWeatherSelectorView.m */; };
		9B4C2A3D1E75168400F556A5 /* DWDiaryTypingCalendarView.m in Sources */ = {isa = PBXBuildFile; fileRef = 9B4C2A3C1E75168400F556A5 /* DWDiaryTypingCalendarView.m */; };
		9B4C2A401E753C2D00F556A5 /* DWDiaryTypingView.m in Sources */ = {isa = PBXBuildFile; fileRef = 9B4C2A3F1E753C2D00F556A5 /* DWDiaryTypingView.m */; };
		9B4C2A431E75430300F556A5 /* DWDiaryLineImageView.m in Sources */ = {isa = PBXBuildFile; fileRef = 9B4C2A421E75430300F556A5 /* DWDiaryLineImageView.m */; };
		9B4C2A461E75649600F556A5 /* DWDiaryDismissKeyboardButton.m in Sources */ = {isa = PBXBuildFile; fileRef = 9B4C2A451E75649600F556A5 /* DWDiaryDismissKeyboardButton.m */; };
		9B4C2A481E75796F00F556A5 /* Assets.xcassets in Resources */ = {isa = PBXBuildFile; fileRef = 9B4C2A471E75796F00F556A5 /* Assets.xcassets */; };
		9B870B911E7D20BE0040C10C /* DWDiaryAlertView.m in Sources */ = {isa = PBXBuildFile; fileRef = 9B870B901E7D20BE0040C10C /* DWDiaryAlertView.m */; };
		9B870B941E7D2CFD0040C10C /* DWDiaryTipsView.m in Sources */ = {isa = PBXBuildFile; fileRef = 9B870B931E7D2CFD0040C10C /* DWDiaryTipsView.m */; };
		9B870B961E7D46D80040C10C /* icon.jpg in Resources */ = {isa = PBXBuildFile; fileRef = 9B870B951E7D46D80040C10C /* icon.jpg */; };
		9B8EF06B1E73C9D100841B98 /* DWDiaryCalendarView.m in Sources */ = {isa = PBXBuildFile; fileRef = 9B8EF06A1E73C9D100841B98 /* DWDiaryCalendarView.m */; };
		9B8EF06E1E73DF5E00841B98 /* DWDiaryCalendarScrollView.m in Sources */ = {isa = PBXBuildFile; fileRef = 9B8EF06D1E73DF5E00841B98 /* DWDiaryCalendarScrollView.m */; };
		9BCB95A21E665A6F0011828E /* main.m in Sources */ = {isa = PBXBuildFile; fileRef = 9BCB95A11E665A6F0011828E /* main.m */; };
		9BCB95A51E665A6F0011828E /* AppDelegate.m in Sources */ = {isa = PBXBuildFile; fileRef = 9BCB95A41E665A6F0011828E /* AppDelegate.m */; };
		9BCB95A81E665A6F0011828E /* ViewController.m in Sources */ = {isa = PBXBuildFile; fileRef = 9BCB95A71E665A6F0011828E /* ViewController.m */; };
		9BCB95AB1E665A6F0011828E /* Main.storyboard in Resources */ = {isa = PBXBuildFile; fileRef = 9BCB95A91E665A6F0011828E /* Main.storyboard */; };
		9BCB95B31E665A6F0011828E /* LaunchScreen.storyboard in Resources */ = {isa = PBXBuildFile; fileRef = 9BCB95B11E665A6F0011828E /* LaunchScreen.storyboard */; };
		9BCB95BE1E665A6F0011828E /* Diary_WhatsUrName_Tests.m in Sources */ = {isa = PBXBuildFile; fileRef = 9BCB95BD1E665A6F0011828E /* Diary_WhatsUrName_Tests.m */; };
		9BCB95C91E665A6F0011828E /* Diary_WhatsUrName_UITests.m in Sources */ = {isa = PBXBuildFile; fileRef = 9BCB95C81E665A6F0011828E /* Diary_WhatsUrName_UITests.m */; };
		9BCB95D81E665B4E0011828E /* DWDiaryCellContentView.m in Sources */ = {isa = PBXBuildFile; fileRef = 9BCB95D71E665B4E0011828E /* DWDiaryCellContentView.m */; };
		9BCB95DB1E6663710011828E /* DWDiaryTableViewCell.m in Sources */ = {isa = PBXBuildFile; fileRef = 9BCB95DA1E6663710011828E /* DWDiaryTableViewCell.m */; };
		9BFB83FA1E7A4481005C8E64 /* Diary_WhatsUrName_.xcdatamodeld in Sources */ = {isa = PBXBuildFile; fileRef = 9BCB95AC1E665A6F0011828E /* Diary_WhatsUrName_.xcdatamodeld */; };
/* End PBXBuildFile section */

/* Begin PBXContainerItemProxy section */
		9BCB95BA1E665A6F0011828E /* PBXContainerItemProxy */ = {
			isa = PBXContainerItemProxy;
			containerPortal = 9BCB95951E665A6F0011828E /* Project object */;
			proxyType = 1;
			remoteGlobalIDString = 9BCB959C1E665A6F0011828E;
			remoteInfo = "Diary_WhatsUrName?";
		};
		9BCB95C51E665A6F0011828E /* PBXContainerItemProxy */ = {
			isa = PBXContainerItemProxy;
			containerPortal = 9BCB95951E665A6F0011828E /* Project object */;
			proxyType = 1;
			remoteGlobalIDString = 9BCB959C1E665A6F0011828E;
			remoteInfo = "Diary_WhatsUrName?";
		};
/* End PBXContainerItemProxy section */

/* Begin PBXFileReference section */
		9B4BE1F41E765AA000E7F988 /* DWDiaryContentView.h */ = {isa = PBXFileReference; fileEncoding = 4; lastKnownFileType = sourcecode.c.h; path = DWDiaryContentView.h; sourceTree = "<group>"; };
		9B4BE1F51E765AA000E7F988 /* DWDiaryContentView.m */ = {isa = PBXFileReference; fileEncoding = 4; lastKnownFileType = sourcecode.c.objc; path = DWDiaryContentView.m; sourceTree = "<group>"; };
		9B4BE1F71E769F1A00E7F988 /* DWDiaryEmotionSelectorView.h */ = {isa = PBXFileReference; fileEncoding = 4; lastKnownFileType = sourcecode.c.h; path = DWDiaryEmotionSelectorView.h; sourceTree = "<group>"; };
		9B4BE1F81E769F1A00E7F988 /* DWDiaryEmotionSelectorView.m */ = {isa = PBXFileReference; fileEncoding = 4; lastKnownFileType = sourcecode.c.objc; path = DWDiaryEmotionSelectorView.m; sourceTree = "<group>"; };
		9B4BE1FA1E76B5C200E7F988 /* DWDiaryWeatherSelectorView.h */ = {isa = PBXFileReference; fileEncoding = 4; lastKnownFileType = sourcecode.c.h; path = DWDiaryWeatherSelectorView.h; sourceTree = "<group>"; };
		9B4BE1FB1E76B5C200E7F988 /* DWDiaryWeatherSelectorView.m */ = {isa = PBXFileReference; fileEncoding = 4; lastKnownFileType = sourcecode.c.objc; path = DWDiaryWeatherSelectorView.m; sourceTree = "<group>"; };
		9B4C2A3B1E75168400F556A5 /* DWDiaryTypingCalendarView.h */ = {isa = PBXFileReference; fileEncoding = 4; lastKnownFileType = sourcecode.c.h; path = DWDiaryTypingCalendarView.h; sourceTree = "<group>"; };
		9B4C2A3C1E75168400F556A5 /* DWDiaryTypingCalendarView.m */ = {isa = PBXFileReference; fileEncoding = 4; lastKnownFileType = sourcecode.c.objc; path = DWDiaryTypingCalendarView.m; sourceTree = "<group>"; };
		9B4C2A3E1E753C2D00F556A5 /* DWDiaryTypingView.h */ = {isa = PBXFileReference; fileEncoding = 4; lastKnownFileType = sourcecode.c.h; path = DWDiaryTypingView.h; sourceTree = "<group>"; };
		9B4C2A3F1E753C2D00F556A5 /* DWDiaryTypingView.m */ = {isa = PBXFileReference; fileEncoding = 4; lastKnownFileType = sourcecode.c.objc; path = DWDiaryTypingView.m; sourceTree = "<group>"; };
		9B4C2A411E75430300F556A5 /* DWDiaryLineImageView.h */ = {isa = PBXFileReference; fileEncoding = 4; lastKnownFileType = sourcecode.c.h; path = DWDiaryLineImageView.h; sourceTree = "<group>"; };
		9B4C2A421E75430300F556A5 /* DWDiaryLineImageView.m */ = {isa = PBXFileReference; fileEncoding = 4; lastKnownFileType = sourcecode.c.objc; path = DWDiaryLineImageView.m; sourceTree = "<group>"; };
		9B4C2A441E75649600F556A5 /* DWDiaryDismissKeyboardButton.h */ = {isa = PBXFileReference; fileEncoding = 4; lastKnownFileType = sourcecode.c.h; path = DWDiaryDismissKeyboardButton.h; sourceTree = "<group>"; };
		9B4C2A451E75649600F556A5 /* DWDiaryDismissKeyboardButton.m */ = {isa = PBXFileReference; fileEncoding = 4; lastKnownFileType = sourcecode.c.objc; path = DWDiaryDismissKeyboardButton.m; sourceTree = "<group>"; };
		9B4C2A471E75796F00F556A5 /* Assets.xcassets */ = {isa = PBXFileReference; lastKnownFileType = folder.assetcatalog; path = Assets.xcassets; sourceTree = "<group>"; };
		9B870B8F1E7D20BE0040C10C /* DWDiaryAlertView.h */ = {isa = PBXFileReference; fileEncoding = 4; lastKnownFileType = sourcecode.c.h; path = DWDiaryAlertView.h; sourceTree = "<group>"; };
		9B870B901E7D20BE0040C10C /* DWDiaryAlertView.m */ = {isa = PBXFileReference; fileEncoding = 4; lastKnownFileType = sourcecode.c.objc; path = DWDiaryAlertView.m; sourceTree = "<group>"; };
		9B870B921E7D2CFD0040C10C /* DWDiaryTipsView.h */ = {isa = PBXFileReference; fileEncoding = 4; lastKnownFileType = sourcecode.c.h; path = DWDiaryTipsView.h; sourceTree = "<group>"; };
		9B870B931E7D2CFD0040C10C /* DWDiaryTipsView.m */ = {isa = PBXFileReference; fileEncoding = 4; lastKnownFileType = sourcecode.c.objc; path = DWDiaryTipsView.m; sourceTree = "<group>"; };
		9B870B951E7D46D80040C10C /* icon.jpg */ = {isa = PBXFileReference; lastKnownFileType = image.jpeg; path = icon.jpg; sourceTree = "<group>"; };
		9B8EF0691E73C9D100841B98 /* DWDiaryCalendarView.h */ = {isa = PBXFileReference; fileEncoding = 4; lastKnownFileType = sourcecode.c.h; path = DWDiaryCalendarView.h; sourceTree = "<group>"; };
		9B8EF06A1E73C9D100841B98 /* DWDiaryCalendarView.m */ = {isa = PBXFileReference; fileEncoding = 4; lastKnownFileType = sourcecode.c.objc; path = DWDiaryCalendarView.m; sourceTree = "<group>"; };
		9B8EF06C1E73DF5E00841B98 /* DWDiaryCalendarScrollView.h */ = {isa = PBXFileReference; fileEncoding = 4; lastKnownFileType = sourcecode.c.h; path = DWDiaryCalendarScrollView.h; sourceTree = "<group>"; };
		9B8EF06D1E73DF5E00841B98 /* DWDiaryCalendarScrollView.m */ = {isa = PBXFileReference; fileEncoding = 4; lastKnownFileType = sourcecode.c.objc; path = DWDiaryCalendarScrollView.m; sourceTree = "<group>"; };
		9B8EF06F1E73E4F600841B98 /* Constants.h */ = {isa = PBXFileReference; fileEncoding = 4; lastKnownFileType = sourcecode.c.h; path = Constants.h; sourceTree = "<group>"; };
		9BCB959D1E665A6F0011828E /* Diary_WhatsUrName?.app */ = {isa = PBXFileReference; explicitFileType = wrapper.application; includeInIndex = 0; path = "Diary_WhatsUrName?.app"; sourceTree = BUILT_PRODUCTS_DIR; };
		9BCB95A11E665A6F0011828E /* main.m */ = {isa = PBXFileReference; lastKnownFileType = sourcecode.c.objc; path = main.m; sourceTree = "<group>"; };
		9BCB95A31E665A6F0011828E /* AppDelegate.h */ = {isa = PBXFileReference; lastKnownFileType = sourcecode.c.h; path = AppDelegate.h; sourceTree = "<group>"; };
		9BCB95A41E665A6F0011828E /* AppDelegate.m */ = {isa = PBXFileReference; lastKnownFileType = sourcecode.c.objc; path = AppDelegate.m; sourceTree = "<group>"; };
		9BCB95A61E665A6F0011828E /* ViewController.h */ = {isa = PBXFileReference; lastKnownFileType = sourcecode.c.h; path = ViewController.h; sourceTree = "<group>"; };
		9BCB95A71E665A6F0011828E /* ViewController.m */ = {isa = PBXFileReference; lastKnownFileType = sourcecode.c.objc; path = ViewController.m; sourceTree = "<group>"; };
		9BCB95AA1E665A6F0011828E /* Base */ = {isa = PBXFileReference; lastKnownFileType = file.storyboard; name = Base; path = Base.lproj/Main.storyboard; sourceTree = "<group>"; };
		9BCB95AD1E665A6F0011828E /* Diary_WhatsUrName_.xcdatamodel */ = {isa = PBXFileReference; lastKnownFileType = wrapper.xcdatamodel; path = Diary_WhatsUrName_.xcdatamodel; sourceTree = "<group>"; };
		9BCB95B21E665A6F0011828E /* Base */ = {isa = PBXFileReference; lastKnownFileType = file.storyboard; name = Base; path = Base.lproj/LaunchScreen.storyboard; sourceTree = "<group>"; };
		9BCB95B41E665A6F0011828E /* Info.plist */ = {isa = PBXFileReference; lastKnownFileType = text.plist.xml; path = Info.plist; sourceTree = "<group>"; };
		9BCB95B91E665A6F0011828E /* Diary_WhatsUrName?Tests.xctest */ = {isa = PBXFileReference; explicitFileType = wrapper.cfbundle; includeInIndex = 0; path = "Diary_WhatsUrName?Tests.xctest"; sourceTree = BUILT_PRODUCTS_DIR; };
		9BCB95BD1E665A6F0011828E /* Diary_WhatsUrName_Tests.m */ = {isa = PBXFileReference; lastKnownFileType = sourcecode.c.objc; path = Diary_WhatsUrName_Tests.m; sourceTree = "<group>"; };
		9BCB95BF1E665A6F0011828E /* Info.plist */ = {isa = PBXFileReference; lastKnownFileType = text.plist.xml; path = Info.plist; sourceTree = "<group>"; };
		9BCB95C41E665A6F0011828E /* Diary_WhatsUrName?UITests.xctest */ = {isa = PBXFileReference; explicitFileType = wrapper.cfbundle; includeInIndex = 0; path = "Diary_WhatsUrName?UITests.xctest"; sourceTree = BUILT_PRODUCTS_DIR; };
		9BCB95C81E665A6F0011828E /* Diary_WhatsUrName_UITests.m */ = {isa = PBXFileReference; lastKnownFileType = sourcecode.c.objc; path = Diary_WhatsUrName_UITests.m; sourceTree = "<group>"; };
		9BCB95CA1E665A6F0011828E /* Info.plist */ = {isa = PBXFileReference; lastKnownFileType = text.plist.xml; path = Info.plist; sourceTree = "<group>"; };
		9BCB95D61E665B4E0011828E /* DWDiaryCellContentView.h */ = {isa = PBXFileReference; fileEncoding = 4; lastKnownFileType = sourcecode.c.h; path = DWDiaryCellContentView.h; sourceTree = "<group>"; };
		9BCB95D71E665B4E0011828E /* DWDiaryCellContentView.m */ = {isa = PBXFileReference; fileEncoding = 4; lastKnownFileType = sourcecode.c.objc; path = DWDiaryCellContentView.m; sourceTree = "<group>"; };
		9BCB95D91E6663710011828E /* DWDiaryTableViewCell.h */ = {isa = PBXFileReference; fileEncoding = 4; lastKnownFileType = sourcecode.c.h; path = DWDiaryTableViewCell.h; sourceTree = "<group>"; };
		9BCB95DA1E6663710011828E /* DWDiaryTableViewCell.m */ = {isa = PBXFileReference; fileEncoding = 4; lastKnownFileType = sourcecode.c.objc; path = DWDiaryTableViewCell.m; sourceTree = "<group>"; };
/* End PBXFileReference section */

/* Begin PBXFrameworksBuildPhase section */
		9BCB959A1E665A6F0011828E /* Frameworks */ = {
			isa = PBXFrameworksBuildPhase;
			buildActionMask = 2147483647;
			files = (
			);
			runOnlyForDeploymentPostprocessing = 0;
		};
		9BCB95B61E665A6F0011828E /* Frameworks */ = {
			isa = PBXFrameworksBuildPhase;
			buildActionMask = 2147483647;
			files = (
			);
			runOnlyForDeploymentPostprocessing = 0;
		};
		9BCB95C11E665A6F0011828E /* Frameworks */ = {
			isa = PBXFrameworksBuildPhase;
			buildActionMask = 2147483647;
			files = (
			);
			runOnlyForDeploymentPostprocessing = 0;
		};
/* End PBXFrameworksBuildPhase section */

/* Begin PBXGroup section */
		9BCB95941E665A6F0011828E = {
			isa = PBXGroup;
			children = (
				9BCB959F1E665A6F0011828E /* Diary_WhatsUrName? */,
				9BCB95BC1E665A6F0011828E /* Diary_WhatsUrName?Tests */,
				9BCB95C71E665A6F0011828E /* Diary_WhatsUrName?UITests */,
				9BCB959E1E665A6F0011828E /* Products */,
			);
			sourceTree = "<group>";
		};
		9BCB959E1E665A6F0011828E /* Products */ = {
			isa = PBXGroup;
			children = (
				9BCB959D1E665A6F0011828E /* Diary_WhatsUrName?.app */,
				9BCB95B91E665A6F0011828E /* Diary_WhatsUrName?Tests.xctest */,
				9BCB95C41E665A6F0011828E /* Diary_WhatsUrName?UITests.xctest */,
			);
			name = Products;
			sourceTree = "<group>";
		};
		9BCB959F1E665A6F0011828E /* Diary_WhatsUrName? */ = {
			isa = PBXGroup;
			children = (
				9B4C2A471E75796F00F556A5 /* Assets.xcassets */,
				9B870B951E7D46D80040C10C /* icon.jpg */,
				9B8EF06F1E73E4F600841B98 /* Constants.h */,
				9BCB95A31E665A6F0011828E /* AppDelegate.h */,
				9BCB95A41E665A6F0011828E /* AppDelegate.m */,
				9BCB95A61E665A6F0011828E /* ViewController.h */,
				9BCB95A71E665A6F0011828E /* ViewController.m */,
				9BCB95A91E665A6F0011828E /* Main.storyboard */,
				9BCB95B11E665A6F0011828E /* LaunchScreen.storyboard */,
				9BCB95B41E665A6F0011828E /* Info.plist */,
				9BCB95AC1E665A6F0011828E /* Diary_WhatsUrName_.xcdatamodeld */,
				9BCB95A01E665A6F0011828E /* Supporting Files */,
				9BCB95D61E665B4E0011828E /* DWDiaryCellContentView.h */,
				9BCB95D71E665B4E0011828E /* DWDiaryCellContentView.m */,
				9BCB95D91E6663710011828E /* DWDiaryTableViewCell.h */,
				9BCB95DA1E6663710011828E /* DWDiaryTableViewCell.m */,
				9B8EF0691E73C9D100841B98 /* DWDiaryCalendarView.h */,
				9B8EF06A1E73C9D100841B98 /* DWDiaryCalendarView.m */,
				9B8EF06C1E73DF5E00841B98 /* DWDiaryCalendarScrollView.h */,
				9B8EF06D1E73DF5E00841B98 /* DWDiaryCalendarScrollView.m */,
				9B4C2A3B1E75168400F556A5 /* DWDiaryTypingCalendarView.h */,
				9B4C2A3C1E75168400F556A5 /* DWDiaryTypingCalendarView.m */,
				9B4C2A3E1E753C2D00F556A5 /* DWDiaryTypingView.h */,
				9B4C2A3F1E753C2D00F556A5 /* DWDiaryTypingView.m */,
				9B4BE1F71E769F1A00E7F988 /* DWDiaryEmotionSelectorView.h */,
				9B4BE1F81E769F1A00E7F988 /* DWDiaryEmotionSelectorView.m */,
				9B4BE1FA1E76B5C200E7F988 /* DWDiaryWeatherSelectorView.h */,
				9B4BE1FB1E76B5C200E7F988 /* DWDiaryWeatherSelectorView.m */,
				9B4C2A411E75430300F556A5 /* DWDiaryLineImageView.h */,
				9B4C2A421E75430300F556A5 /* DWDiaryLineImageView.m */,
				9B4C2A441E75649600F556A5 /* DWDiaryDismissKeyboardButton.h */,
				9B4C2A451E75649600F556A5 /* DWDiaryDismissKeyboardButton.m */,
				9B4BE1F41E765AA000E7F988 /* DWDiaryContentView.h */,
				9B4BE1F51E765AA000E7F988 /* DWDiaryContentView.m */,
				9B870B8F1E7D20BE0040C10C /* DWDiaryAlertView.h */,
				9B870B901E7D20BE0040C10C /* DWDiaryAlertView.m */,
				9B870B921E7D2CFD0040C10C /* DWDiaryTipsView.h */,
				9B870B931E7D2CFD0040C10C /* DWDiaryTipsView.m */,
			);
			path = "Diary_WhatsUrName?";
			sourceTree = "<group>";
		};
		9BCB95A01E665A6F0011828E /* Supporting Files */ = {
			isa = PBXGroup;
			children = (
				9BCB95A11E665A6F0011828E /* main.m */,
			);
			name = "Supporting Files";
			sourceTree = "<group>";
		};
		9BCB95BC1E665A6F0011828E /* Diary_WhatsUrName?Tests */ = {
			isa = PBXGroup;
			children = (
				9BCB95BD1E665A6F0011828E /* Diary_WhatsUrName_Tests.m */,
				9BCB95BF1E665A6F0011828E /* Info.plist */,
			);
			path = "Diary_WhatsUrName?Tests";
			sourceTree = "<group>";
		};
		9BCB95C71E665A6F0011828E /* Diary_WhatsUrName?UITests */ = {
			isa = PBXGroup;
			children = (
				9BCB95C81E665A6F0011828E /* Diary_WhatsUrName_UITests.m */,
				9BCB95CA1E665A6F0011828E /* Info.plist */,
			);
			path = "Diary_WhatsUrName?UITests";
			sourceTree = "<group>";
		};
/* End PBXGroup section */

/* Begin PBXNativeTarget section */
		9BCB959C1E665A6F0011828E /* Diary_WhatsUrName? */ = {
			isa = PBXNativeTarget;
			buildConfigurationList = 9BCB95CD1E665A6F0011828E /* Build configuration list for PBXNativeTarget "Diary_WhatsUrName?" */;
			buildPhases = (
				9BCB95991E665A6F0011828E /* Sources */,
				9BCB959A1E665A6F0011828E /* Frameworks */,
				9BCB959B1E665A6F0011828E /* Resources */,
			);
			buildRules = (
			);
			dependencies = (
			);
			name = "Diary_WhatsUrName?";
			productName = "Diary_WhatsUrName?";
			productReference = 9BCB959D1E665A6F0011828E /* Diary_WhatsUrName?.app */;
			productType = "com.apple.product-type.application";
		};
		9BCB95B81E665A6F0011828E /* Diary_WhatsUrName?Tests */ = {
			isa = PBXNativeTarget;
			buildConfigurationList = 9BCB95D01E665A6F0011828E /* Build configuration list for PBXNativeTarget "Diary_WhatsUrName?Tests" */;
			buildPhases = (
				9BCB95B51E665A6F0011828E /* Sources */,
				9BCB95B61E665A6F0011828E /* Frameworks */,
				9BCB95B71E665A6F0011828E /* Resources */,
			);
			buildRules = (
			);
			dependencies = (
				9BCB95BB1E665A6F0011828E /* PBXTargetDependency */,
			);
			name = "Diary_WhatsUrName?Tests";
			productName = "Diary_WhatsUrName?Tests";
			productReference = 9BCB95B91E665A6F0011828E /* Diary_WhatsUrName?Tests.xctest */;
			productType = "com.apple.product-type.bundle.unit-test";
		};
		9BCB95C31E665A6F0011828E /* Diary_WhatsUrName?UITests */ = {
			isa = PBXNativeTarget;
			buildConfigurationList = 9BCB95D31E665A6F0011828E /* Build configuration list for PBXNativeTarget "Diary_WhatsUrName?UITests" */;
			buildPhases = (
				9BCB95C01E665A6F0011828E /* Sources */,
				9BCB95C11E665A6F0011828E /* Frameworks */,
				9BCB95C21E665A6F0011828E /* Resources */,
			);
			buildRules = (
			);
			dependencies = (
				9BCB95C61E665A6F0011828E /* PBXTargetDependency */,
			);
			name = "Diary_WhatsUrName?UITests";
			productName = "Diary_WhatsUrName?UITests";
			productReference = 9BCB95C41E665A6F0011828E /* Diary_WhatsUrName?UITests.xctest */;
			productType = "com.apple.product-type.bundle.ui-testing";
		};
/* End PBXNativeTarget section */

/* Begin PBXProject section */
		9BCB95951E665A6F0011828E /* Project object */ = {
			isa = PBXProject;
			attributes = {
				LastUpgradeCheck = 0820;
				ORGANIZATIONNAME = "王冠宇";
				TargetAttributes = {
					9BCB959C1E665A6F0011828E = {
						CreatedOnToolsVersion = 8.2.1;
						DevelopmentTeam = 83JLR2XBG3;
						ProvisioningStyle = Automatic;
					};
					9BCB95B81E665A6F0011828E = {
						CreatedOnToolsVersion = 8.2.1;
						DevelopmentTeam = 83JLR2XBG3;
						ProvisioningStyle = Automatic;
						TestTargetID = 9BCB959C1E665A6F0011828E;
					};
					9BCB95C31E665A6F0011828E = {
						CreatedOnToolsVersion = 8.2.1;
						DevelopmentTeam = 83JLR2XBG3;
						ProvisioningStyle = Automatic;
						TestTargetID = 9BCB959C1E665A6F0011828E;
					};
				};
			};
			buildConfigurationList = 9BCB95981E665A6F0011828E /* Build configuration list for PBXProject "Diary_WhatsUrName?" */;
			compatibilityVersion = "Xcode 3.2";
			developmentRegion = English;
			hasScannedForEncodings = 0;
			knownRegions = (
				en,
				Base,
			);
			mainGroup = 9BCB95941E665A6F0011828E;
			productRefGroup = 9BCB959E1E665A6F0011828E /* Products */;
			projectDirPath = "";
			projectRoot = "";
			targets = (
				9BCB959C1E665A6F0011828E /* Diary_WhatsUrName? */,
				9BCB95B81E665A6F0011828E /* Diary_WhatsUrName?Tests */,
				9BCB95C31E665A6F0011828E /* Diary_WhatsUrName?UITests */,
			);
		};
/* End PBXProject section */

/* Begin PBXResourcesBuildPhase section */
		9BCB959B1E665A6F0011828E /* Resources */ = {
			isa = PBXResourcesBuildPhase;
			buildActionMask = 2147483647;
			files = (
				9B870B961E7D46D80040C10C /* icon.jpg in Resources */,
				9BCB95B31E665A6F0011828E /* LaunchScreen.storyboard in Resources */,
				9B4C2A481E75796F00F556A5 /* Assets.xcassets in Resources */,
				9BCB95AB1E665A6F0011828E /* Main.storyboard in Resources */,
			);
			runOnlyForDeploymentPostprocessing = 0;
		};
		9BCB95B71E665A6F0011828E /* Resources */ = {
			isa = PBXResourcesBuildPhase;
			buildActionMask = 2147483647;
			files = (
			);
			runOnlyForDeploymentPostprocessing = 0;
		};
		9BCB95C21E665A6F0011828E /* Resources */ = {
			isa = PBXResourcesBuildPhase;
			buildActionMask = 2147483647;
			files = (
			);
			runOnlyForDeploymentPostprocessing = 0;
		};
/* End PBXResourcesBuildPhase section */

/* Begin PBXSourcesBuildPhase section */
		9BCB95991E665A6F0011828E /* Sources */ = {
			isa = PBXSourcesBuildPhase;
			buildActionMask = 2147483647;
			files = (
				9BFB83FA1E7A4481005C8E64 /* Diary_WhatsUrName_.xcdatamodeld in Sources */,
				9B4BE1FC1E76B5C200E7F988 /* DWDiaryWeatherSelectorView.m in Sources */,
				9B4BE1F91E769F1A00E7F988 /* DWDiaryEmotionSelectorView.m in Sources */,
				9BCB95A81E665A6F0011828E /* ViewController.m in Sources */,
				9B870B911E7D20BE0040C10C /* DWDiaryAlertView.m in Sources */,
				9BCB95D81E665B4E0011828E /* DWDiaryCellContentView.m in Sources */,
				9B4C2A431E75430300F556A5 /* DWDiaryLineImageView.m in Sources */,
				9BCB95A51E665A6F0011828E /* AppDelegate.m in Sources */,
				9BCB95DB1E6663710011828E /* DWDiaryTableViewCell.m in Sources */,
				9B4BE1F61E765AA000E7F988 /* DWDiaryContentView.m in Sources */,
				9B870B941E7D2CFD0040C10C /* DWDiaryTipsView.m in Sources */,
				9B8EF06B1E73C9D100841B98 /* DWDiaryCalendarView.m in Sources */,
				9B8EF06E1E73DF5E00841B98 /* DWDiaryCalendarScrollView.m in Sources */,
				9BCB95A21E665A6F0011828E /* main.m in Sources */,
				9B4C2A401E753C2D00F556A5 /* DWDiaryTypingView.m in Sources */,
				9B4C2A461E75649600F556A5 /* DWDiaryDismissKeyboardButton.m in Sources */,
				9B4C2A3D1E75168400F556A5 /* DWDiaryTypingCalendarView.m in Sources */,
			);
			runOnlyForDeploymentPostprocessing = 0;
		};
		9BCB95B51E665A6F0011828E /* Sources */ = {
			isa = PBXSourcesBuildPhase;
			buildActionMask = 2147483647;
			files = (
				9BCB95BE1E665A6F0011828E /* Diary_WhatsUrName_Tests.m in Sources */,
			);
			runOnlyForDeploymentPostprocessing = 0;
		};
		9BCB95C01E665A6F0011828E /* Sources */ = {
			isa = PBXSourcesBuildPhase;
			buildActionMask = 2147483647;
			files = (
				9BCB95C91E665A6F0011828E /* Diary_WhatsUrName_UITests.m in Sources */,
			);
			runOnlyForDeploymentPostprocessing = 0;
		};
/* End PBXSourcesBuildPhase section */

/* Begin PBXTargetDependency section */
		9BCB95BB1E665A6F0011828E /* PBXTargetDependency */ = {
			isa = PBXTargetDependency;
			target = 9BCB959C1E665A6F0011828E /* Diary_WhatsUrName? */;
			targetProxy = 9BCB95BA1E665A6F0011828E /* PBXContainerItemProxy */;
		};
		9BCB95C61E665A6F0011828E /* PBXTargetDependency */ = {
			isa = PBXTargetDependency;
			target = 9BCB959C1E665A6F0011828E /* Diary_WhatsUrName? */;
			targetProxy = 9BCB95C51E665A6F0011828E /* PBXContainerItemProxy */;
		};
/* End PBXTargetDependency section */

/* Begin PBXVariantGroup section */
		9BCB95A91E665A6F0011828E /* Main.storyboard */ = {
			isa = PBXVariantGroup;
			children = (
				9BCB95AA1E665A6F0011828E /* Base */,
			);
			name = Main.storyboard;
			sourceTree = "<group>";
		};
		9BCB95B11E665A6F0011828E /* LaunchScreen.storyboard */ = {
			isa = PBXVariantGroup;
			children = (
				9BCB95B21E665A6F0011828E /* Base */,
			);
			name = LaunchScreen.storyboard;
			sourceTree = "<group>";
		};
/* End PBXVariantGroup section */

/* Begin XCBuildConfiguration section */
		9BCB95CB1E665A6F0011828E /* Debug */ = {
			isa = XCBuildConfiguration;
			buildSettings = {
				ALWAYS_SEARCH_USER_PATHS = NO;
				CLANG_ANALYZER_NONNULL = YES;
				CLANG_CXX_LANGUAGE_STANDARD = "gnu++0x";
				CLANG_CXX_LIBRARY = "libc++";
				CLANG_ENABLE_MODULES = YES;
				CLANG_ENABLE_OBJC_ARC = YES;
				CLANG_WARN_BOOL_CONVERSION = YES;
				CLANG_WARN_CONSTANT_CONVERSION = YES;
				CLANG_WARN_DIRECT_OBJC_ISA_USAGE = YES_ERROR;
				CLANG_WARN_DOCUMENTATION_COMMENTS = YES;
				CLANG_WARN_EMPTY_BODY = YES;
				CLANG_WARN_ENUM_CONVERSION = YES;
				CLANG_WARN_INFINITE_RECURSION = YES;
				CLANG_WARN_INT_CONVERSION = YES;
				CLANG_WARN_OBJC_ROOT_CLASS = YES_ERROR;
				CLANG_WARN_SUSPICIOUS_MOVE = YES;
				CLANG_WARN_UNREACHABLE_CODE = YES;
				CLANG_WARN__DUPLICATE_METHOD_MATCH = YES;
				"CODE_SIGN_IDENTITY[sdk=iphoneos*]" = "iPhone Developer";
				COPY_PHASE_STRIP = NO;
				DEBUG_INFORMATION_FORMAT = dwarf;
				ENABLE_STRICT_OBJC_MSGSEND = YES;
				ENABLE_TESTABILITY = YES;
				GCC_C_LANGUAGE_STANDARD = gnu99;
				GCC_DYNAMIC_NO_PIC = NO;
				GCC_NO_COMMON_BLOCKS = YES;
				GCC_OPTIMIZATION_LEVEL = 0;
				GCC_PREPROCESSOR_DEFINITIONS = (
					"DEBUG=1",
					"$(inherited)",
				);
				GCC_WARN_64_TO_32_BIT_CONVERSION = YES;
				GCC_WARN_ABOUT_RETURN_TYPE = YES_ERROR;
				GCC_WARN_UNDECLARED_SELECTOR = YES;
				GCC_WARN_UNINITIALIZED_AUTOS = YES_AGGRESSIVE;
				GCC_WARN_UNUSED_FUNCTION = YES;
				GCC_WARN_UNUSED_VARIABLE = YES;
				IPHONEOS_DEPLOYMENT_TARGET = 10.2;
				MTL_ENABLE_DEBUG_INFO = YES;
				ONLY_ACTIVE_ARCH = YES;
				SDKROOT = iphoneos;
			};
			name = Debug;
		};
		9BCB95CC1E665A6F0011828E /* Release */ = {
			isa = XCBuildConfiguration;
			buildSettings = {
				ALWAYS_SEARCH_USER_PATHS = NO;
				CLANG_ANALYZER_NONNULL = YES;
				CLANG_CXX_LANGUAGE_STANDARD = "gnu++0x";
				CLANG_CXX_LIBRARY = "libc++";
				CLANG_ENABLE_MODULES = YES;
				CLANG_ENABLE_OBJC_ARC = YES;
				CLANG_WARN_BOOL_CONVERSION = YES;
				CLANG_WARN_CONSTANT_CONVERSION = YES;
				CLANG_WARN_DIRECT_OBJC_ISA_USAGE = YES_ERROR;
				CLANG_WARN_DOCUMENTATION_COMMENTS = YES;
				CLANG_WARN_EMPTY_BODY = YES;
				CLANG_WARN_ENUM_CONVERSION = YES;
				CLANG_WARN_INFINITE_RECURSION = YES;
				CLANG_WARN_INT_CONVERSION = YES;
				CLANG_WARN_OBJC_ROOT_CLASS = YES_ERROR;
				CLANG_WARN_SUSPICIOUS_MOVE = YES;
				CLANG_WARN_UNREACHABLE_CODE = YES;
				CLANG_WARN__DUPLICATE_METHOD_MATCH = YES;
				"CODE_SIGN_IDENTITY[sdk=iphoneos*]" = "iPhone Developer";
				COPY_PHASE_STRIP = NO;
				DEBUG_INFORMATION_FORMAT = "dwarf-with-dsym";
				ENABLE_NS_ASSERTIONS = NO;
				ENABLE_STRICT_OBJC_MSGSEND = YES;
				GCC_C_LANGUAGE_STANDARD = gnu99;
				GCC_NO_COMMON_BLOCKS = YES;
				GCC_WARN_64_TO_32_BIT_CONVERSION = YES;
				GCC_WARN_ABOUT_RETURN_TYPE = YES_ERROR;
				GCC_WARN_UNDECLARED_SELECTOR = YES;
				GCC_WARN_UNINITIALIZED_AUTOS = YES_AGGRESSIVE;
				GCC_WARN_UNUSED_FUNCTION = YES;
				GCC_WARN_UNUSED_VARIABLE = YES;
				IPHONEOS_DEPLOYMENT_TARGET = 10.2;
				MTL_ENABLE_DEBUG_INFO = NO;
				SDKROOT = iphoneos;
				VALIDATE_PRODUCT = YES;
			};
			name = Release;
		};
		9BCB95CE1E665A6F0011828E /* Debug */ = {
			isa = XCBuildConfiguration;
			buildSettings = {
				ASSETCATALOG_COMPILER_APPICON_NAME = AppIcon;
				DEVELOPMENT_TEAM = 83JLR2XBG3;
				INFOPLIST_FILE = "Diary_WhatsUrName?/Info.plist";
				LD_RUNPATH_SEARCH_PATHS = "$(inherited) @executable_path/Frameworks";
				PRODUCT_BUNDLE_IDENTIFIER = "BUPT.Diary-WhatsUrName-";
				PRODUCT_NAME = "$(TARGET_NAME)";
			};
			name = Debug;
		};
		9BCB95CF1E665A6F0011828E /* Release */ = {
			isa = XCBuildConfiguration;
			buildSettings = {
				ASSETCATALOG_COMPILER_APPICON_NAME = AppIcon;
				DEVELOPMENT_TEAM = 83JLR2XBG3;
				INFOPLIST_FILE = "Diary_WhatsUrName?/Info.plist";
				LD_RUNPATH_SEARCH_PATHS = "$(inherited) @executable_path/Frameworks";
				PRODUCT_BUNDLE_IDENTIFIER = "BUPT.Diary-WhatsUrName-";
				PRODUCT_NAME = "$(TARGET_NAME)";
			};
			name = Release;
		};
		9BCB95D11E665A6F0011828E /* Debug */ = {
			isa = XCBuildConfiguration;
			buildSettings = {
				BUNDLE_LOADER = "$(TEST_HOST)";
				DEVELOPMENT_TEAM = 83JLR2XBG3;
				INFOPLIST_FILE = "Diary_WhatsUrName?Tests/Info.plist";
				LD_RUNPATH_SEARCH_PATHS = "$(inherited) @executable_path/Frameworks @loader_path/Frameworks";
				PRODUCT_BUNDLE_IDENTIFIER = "BUPT.Diary-WhatsUrName-Tests";
				PRODUCT_NAME = "$(TARGET_NAME)";
				TEST_HOST = "$(BUILT_PRODUCTS_DIR)/Diary_WhatsUrName?.app/Diary_WhatsUrName?";
			};
			name = Debug;
		};
		9BCB95D21E665A6F0011828E /* Release */ = {
			isa = XCBuildConfiguration;
			buildSettings = {
				BUNDLE_LOADER = "$(TEST_HOST)";
				DEVELOPMENT_TEAM = 83JLR2XBG3;
				INFOPLIST_FILE = "Diary_WhatsUrName?Tests/Info.plist";
				LD_RUNPATH_SEARCH_PATHS = "$(inherited) @executable_path/Frameworks @loader_path/Frameworks";
				PRODUCT_BUNDLE_IDENTIFIER = "BUPT.Diary-WhatsUrName-Tests";
				PRODUCT_NAME = "$(TARGET_NAME)";
				TEST_HOST = "$(BUILT_PRODUCTS_DIR)/Diary_WhatsUrName?.app/Diary_WhatsUrName?";
			};
			name = Release;
		};
		9BCB95D41E665A6F0011828E /* Debug */ = {
			isa = XCBuildConfiguration;
			buildSettings = {
				DEVELOPMENT_TEAM = 83JLR2XBG3;
				INFOPLIST_FILE = "Diary_WhatsUrName?UITests/Info.plist";
				LD_RUNPATH_SEARCH_PATHS = "$(inherited) @executable_path/Frameworks @loader_path/Frameworks";
				PRODUCT_BUNDLE_IDENTIFIER = "BUPT.Diary-WhatsUrName-UITests";
				PRODUCT_NAME = "$(TARGET_NAME)";
				TEST_TARGET_NAME = "Diary_WhatsUrName?";
			};
			name = Debug;
		};
		9BCB95D51E665A6F0011828E /* Release */ = {
			isa = XCBuildConfiguration;
			buildSettings = {
				DEVELOPMENT_TEAM = 83JLR2XBG3;
				INFOPLIST_FILE = "Diary_WhatsUrName?UITests/Info.plist";
				LD_RUNPATH_SEARCH_PATHS = "$(inherited) @executable_path/Frameworks @loader_path/Frameworks";
				PRODUCT_BUNDLE_IDENTIFIER = "BUPT.Diary-WhatsUrName-UITests";
				PRODUCT_NAME = "$(TARGET_NAME)";
				TEST_TARGET_NAME = "Diary_WhatsUrName?";
			};
			name = Release;
		};
/* End XCBuildConfiguration section */

/* Begin XCConfigurationList section */
		9BCB95981E665A6F0011828E /* Build configuration list for PBXProject "Diary_WhatsUrName?" */ = {
			isa = XCConfigurationList;
			buildConfigurations = (
				9BCB95CB1E665A6F0011828E /* Debug */,
				9BCB95CC1E665A6F0011828E /* Release */,
			);
			defaultConfigurationIsVisible = 0;
			defaultConfigurationName = Release;
		};
		9BCB95CD1E665A6F0011828E /* Build configuration list for PBXNativeTarget "Diary_WhatsUrName?" */ = {
			isa = XCConfigurationList;
			buildConfigurations = (
				9BCB95CE1E665A6F0011828E /* Debug */,
				9BCB95CF1E665A6F0011828E /* Release */,
			);
			defaultConfigurationIsVisible = 0;
			defaultConfigurationName = Release;
		};
		9BCB95D01E665A6F0011828E /* Build configuration list for PBXNativeTarget "Diary_WhatsUrName?Tests" */ = {
			isa = XCConfigurationList;
			buildConfigurations = (
				9BCB95D11E665A6F0011828E /* Debug */,
				9BCB95D21E665A6F0011828E /* Release */,
			);
			defaultConfigurationIsVisible = 0;
			defaultConfigurationName = Release;
		};
		9BCB95D31E665A6F0011828E /* Build configuration list for PBXNativeTarget "Diary_WhatsUrName?UITests" */ = {
			isa = XCConfigurationList;
			buildConfigurations = (
				9BCB95D41E665A6F0011828E /* Debug */,
				9BCB95D51E665A6F0011828E /* Release */,
			);
			defaultConfigurationIsVisible = 0;
			defaultConfigurationName = Release;
		};
/* End XCConfigurationList section */

/* Begin XCVersionGroup section */
		9BCB95AC1E665A6F0011828E /* Diary_WhatsUrName_.xcdatamodeld */ = {
			isa = XCVersionGroup;
			children = (
				9BCB95AD1E665A6F0011828E /* Diary_WhatsUrName_.xcdatamodel */,
			);
			currentVersion = 9BCB95AD1E665A6F0011828E /* Diary_WhatsUrName_.xcdatamodel */;
			path = Diary_WhatsUrName_.xcdatamodeld;
			sourceTree = "<group>";
			versionGroupType = wrapper.xcdatamodel;
		};
/* End XCVersionGroup section */
	};
	rootObject = 9BCB95951E665A6F0011828E /* Project object */;
}
